// !$*UTF8*$!
{
	archiveVersion = 1;
	classes = {
	};
	objectVersion = 50;
	objects = {

/* Begin PBXBuildFile section */
		79C0E8E2794590AF0EB0AAAA /* Pods_WetherApp.framework in Frameworks */ = {isa = PBXBuildFile; fileRef = 459D207F21F819CDB4A904CB /* Pods_WetherApp.framework */; };
		B032A37D26B271A900DFE2CF /* AppDelegate.swift in Sources */ = {isa = PBXBuildFile; fileRef = B032A37C26B271A900DFE2CF /* AppDelegate.swift */; };
		B032A37F26B271A900DFE2CF /* SceneDelegate.swift in Sources */ = {isa = PBXBuildFile; fileRef = B032A37E26B271A900DFE2CF /* SceneDelegate.swift */; };
		B032A38126B271A900DFE2CF /* ViewController.swift in Sources */ = {isa = PBXBuildFile; fileRef = B032A38026B271A900DFE2CF /* ViewController.swift */; };
		B032A38426B271A900DFE2CF /* Main.storyboard in Resources */ = {isa = PBXBuildFile; fileRef = B032A38226B271A900DFE2CF /* Main.storyboard */; };
		B032A38626B271AB00DFE2CF /* Assets.xcassets in Resources */ = {isa = PBXBuildFile; fileRef = B032A38526B271AB00DFE2CF /* Assets.xcassets */; };
		B032A38926B271AB00DFE2CF /* LaunchScreen.storyboard in Resources */ = {isa = PBXBuildFile; fileRef = B032A38726B271AB00DFE2CF /* LaunchScreen.storyboard */; };
		B04D38A626C9936A000A604B /* WetherCondition.swift in Sources */ = {isa = PBXBuildFile; fileRef = B04D38A526C9936A000A604B /* WetherCondition.swift */; };
/* End PBXBuildFile section */

/* Begin PBXFileReference section */
		1CACD8294AA4B9B7B588DCEA /* Pods-WetherApp.debug.xcconfig */ = {isa = PBXFileReference; includeInIndex = 1; lastKnownFileType = text.xcconfig; name = "Pods-WetherApp.debug.xcconfig"; path = "Target Support Files/Pods-WetherApp/Pods-WetherApp.debug.xcconfig"; sourceTree = "<group>"; };
		459D207F21F819CDB4A904CB /* Pods_WetherApp.framework */ = {isa = PBXFileReference; explicitFileType = wrapper.framework; includeInIndex = 0; path = Pods_WetherApp.framework; sourceTree = BUILT_PRODUCTS_DIR; };
		B032A37926B271A900DFE2CF /* WetherApp.app */ = {isa = PBXFileReference; explicitFileType = wrapper.application; includeInIndex = 0; path = WetherApp.app; sourceTree = BUILT_PRODUCTS_DIR; };
		B032A37C26B271A900DFE2CF /* AppDelegate.swift */ = {isa = PBXFileReference; lastKnownFileType = sourcecode.swift; path = AppDelegate.swift; sourceTree = "<group>"; };
		B032A37E26B271A900DFE2CF /* SceneDelegate.swift */ = {isa = PBXFileReference; lastKnownFileType = sourcecode.swift; path = SceneDelegate.swift; sourceTree = "<group>"; };
		B032A38026B271A900DFE2CF /* ViewController.swift */ = {isa = PBXFileReference; lastKnownFileType = sourcecode.swift; path = ViewController.swift; sourceTree = "<group>"; };
		B032A38326B271A900DFE2CF /* Base */ = {isa = PBXFileReference; lastKnownFileType = file.storyboard; name = Base; path = Base.lproj/Main.storyboard; sourceTree = "<group>"; };
		B032A38526B271AB00DFE2CF /* Assets.xcassets */ = {isa = PBXFileReference; lastKnownFileType = folder.assetcatalog; path = Assets.xcassets; sourceTree = "<group>"; };
		B032A38826B271AB00DFE2CF /* Base */ = {isa = PBXFileReference; lastKnownFileType = file.storyboard; name = Base; path = Base.lproj/LaunchScreen.storyboard; sourceTree = "<group>"; };
		B032A38A26B271AB00DFE2CF /* Info.plist */ = {isa = PBXFileReference; lastKnownFileType = text.plist.xml; path = Info.plist; sourceTree = "<group>"; };
		B04D38A526C9936A000A604B /* WetherCondition.swift */ = {isa = PBXFileReference; lastKnownFileType = sourcecode.swift; path = WetherCondition.swift; sourceTree = "<group>"; };
		E1AC33DC19B89258AFF38F7F /* Pods-WetherApp.release.xcconfig */ = {isa = PBXFileReference; includeInIndex = 1; lastKnownFileType = text.xcconfig; name = "Pods-WetherApp.release.xcconfig"; path = "Target Support Files/Pods-WetherApp/Pods-WetherApp.release.xcconfig"; sourceTree = "<group>"; };
/* End PBXFileReference section */

/* Begin PBXFrameworksBuildPhase section */
		B032A37626B271A900DFE2CF /* Frameworks */ = {
			isa = PBXFrameworksBuildPhase;
			buildActionMask = 2147483647;
			files = (
				79C0E8E2794590AF0EB0AAAA /* Pods_WetherApp.framework in Frameworks */,
			);
			runOnlyForDeploymentPostprocessing = 0;
		};
/* End PBXFrameworksBuildPhase section */

/* Begin PBXGroup section */
		3DD1A8E4E902233852C87BB4 /* Pods */ = {
			isa = PBXGroup;
			children = (
				1CACD8294AA4B9B7B588DCEA /* Pods-WetherApp.debug.xcconfig */,
				E1AC33DC19B89258AFF38F7F /* Pods-WetherApp.release.xcconfig */,
			);
			name = Pods;
			path = Pods;
			sourceTree = "<group>";
		};
		B032A37026B271A900DFE2CF = {
			isa = PBXGroup;
			children = (
				B032A37B26B271A900DFE2CF /* WetherApp */,
				B032A37A26B271A900DFE2CF /* Products */,
				3DD1A8E4E902233852C87BB4 /* Pods */,
				F52A685AC63FFDEFFBCECDD5 /* Frameworks */,
			);
			sourceTree = "<group>";
		};
		B032A37A26B271A900DFE2CF /* Products */ = {
			isa = PBXGroup;
			children = (
				B032A37926B271A900DFE2CF /* WetherApp.app */,
			);
			name = Products;
			sourceTree = "<group>";
		};
		B032A37B26B271A900DFE2CF /* WetherApp */ = {
			isa = PBXGroup;
			children = (
				B032A37C26B271A900DFE2CF /* AppDelegate.swift */,
				B032A37E26B271A900DFE2CF /* SceneDelegate.swift */,
				B032A38026B271A900DFE2CF /* ViewController.swift */,
				B04D38A526C9936A000A604B /* WetherCondition.swift */,
				B032A38226B271A900DFE2CF /* Main.storyboard */,
				B032A38526B271AB00DFE2CF /* Assets.xcassets */,
				B032A38726B271AB00DFE2CF /* LaunchScreen.storyboard */,
				B032A38A26B271AB00DFE2CF /* Info.plist */,
			);
			path = WetherApp;
			sourceTree = "<group>";
		};
		F52A685AC63FFDEFFBCECDD5 /* Frameworks */ = {
			isa = PBXGroup;
			children = (
				459D207F21F819CDB4A904CB /* Pods_WetherApp.framework */,
			);
			name = Frameworks;
			sourceTree = "<group>";
		};
/* End PBXGroup section */

/* Begin PBXNativeTarget section */
		B032A37826B271A900DFE2CF /* WetherApp */ = {
			isa = PBXNativeTarget;
			buildConfigurationList = B032A38D26B271AB00DFE2CF /* Build configuration list for PBXNativeTarget "WetherApp" */;
			buildPhases = (
				00E838BE2593B6FBDC88152F /* [CP] Check Pods Manifest.lock */,
				B032A37526B271A900DFE2CF /* Sources */,
				B032A37626B271A900DFE2CF /* Frameworks */,
				B032A37726B271A900DFE2CF /* Resources */,
			);
			buildRules = (
			);
			dependencies = (
			);
			name = WetherApp;
			productName = WetherApp;
			productReference = B032A37926B271A900DFE2CF /* WetherApp.app */;
			productType = "com.apple.product-type.application";
		};
/* End PBXNativeTarget section */

/* Begin PBXProject section */
		B032A37126B271A900DFE2CF /* Project object */ = {
			isa = PBXProject;
			attributes = {
				LastSwiftUpdateCheck = 1250;
				LastUpgradeCheck = 1250;
				TargetAttributes = {
					B032A37826B271A900DFE2CF = {
						CreatedOnToolsVersion = 12.5;
					};
				};
			};
			buildConfigurationList = B032A37426B271A900DFE2CF /* Build configuration list for PBXProject "WetherApp" */;
			compatibilityVersion = "Xcode 9.3";
			developmentRegion = en;
			hasScannedForEncodings = 0;
			knownRegions = (
				en,
				Base,
			);
			mainGroup = B032A37026B271A900DFE2CF;
			productRefGroup = B032A37A26B271A900DFE2CF /* Products */;
			projectDirPath = "";
			projectRoot = "";
			targets = (
				B032A37826B271A900DFE2CF /* WetherApp */,
			);
		};
/* End PBXProject section */

/* Begin PBXResourcesBuildPhase section */
		B032A37726B271A900DFE2CF /* Resources */ = {
			isa = PBXResourcesBuildPhase;
			buildActionMask = 2147483647;
			files = (
				B032A38926B271AB00DFE2CF /* LaunchScreen.storyboard in Resources */,
				B032A38626B271AB00DFE2CF /* Assets.xcassets in Resources */,
				B032A38426B271A900DFE2CF /* Main.storyboard in Resources */,
			);
			runOnlyForDeploymentPostprocessing = 0;
		};
/* End PBXResourcesBuildPhase section */

/* Begin PBXShellScriptBuildPhase section */
		00E838BE2593B6FBDC88152F /* [CP] Check Pods Manifest.lock */ = {
			isa = PBXShellScriptBuildPhase;
			buildActionMask = 2147483647;
			files = (
			);
			inputFileListPaths = (
			);
			inputPaths = (
				"${PODS_PODFILE_DIR_PATH}/Podfile.lock",
				"${PODS_ROOT}/Manifest.lock",
			);
			name = "[CP] Check Pods Manifest.lock";
			outputFileListPaths = (
			);
			outputPaths = (
				"$(DERIVED_FILE_DIR)/Pods-WetherApp-checkManifestLockResult.txt",
			);
			runOnlyForDeploymentPostprocessing = 0;
			shellPath = /bin/sh;
			shellScript = "diff \"${PODS_PODFILE_DIR_PATH}/Podfile.lock\" \"${PODS_ROOT}/Manifest.lock\" > /dev/null\nif [ $? != 0 ] ; then\n    # print error to STDERR\n    echo \"error: The sandbox is not in sync with the Podfile.lock. Run 'pod install' or update your CocoaPods installation.\" >&2\n    exit 1\nfi\n# This output is used by Xcode 'outputs' to avoid re-running this script phase.\necho \"SUCCESS\" > \"${SCRIPT_OUTPUT_FILE_0}\"\n";
			showEnvVarsInLog = 0;
		};
/* End PBXShellScriptBuildPhase section */

/* Begin PBXSourcesBuildPhase section */
		B032A37526B271A900DFE2CF /* Sources */ = {
			isa = PBXSourcesBuildPhase;
			buildActionMask = 2147483647;
			files = (
				B032A38126B271A900DFE2CF /* ViewController.swift in Sources */,
				B032A37D26B271A900DFE2CF /* AppDelegate.swift in Sources */,
				B04D38A626C9936A000A604B /* WetherCondition.swift in Sources */,
				B032A37F26B271A900DFE2CF /* SceneDelegate.swift in Sources */,
			);
			runOnlyForDeploymentPostprocessing = 0;
		};
/* End PBXSourcesBuildPhase section */

/* Begin PBXVariantGroup section */
		B032A38226B271A900DFE2CF /* Main.storyboard */ = {
			isa = PBXVariantGroup;
			children = (
				B032A38326B271A900DFE2CF /* Base */,
			);
			name = Main.storyboard;
			sourceTree = "<group>";
		};
		B032A38726B271AB00DFE2CF /* LaunchScreen.storyboard */ = {
			isa = PBXVariantGroup;
			children = (
				B032A38826B271AB00DFE2CF /* Base */,
			);
			name = LaunchScreen.storyboard;
			sourceTree = "<group>";
		};
/* End PBXVariantGroup section */

/* Begin XCBuildConfiguration section */
		B032A38B26B271AB00DFE2CF /* Debug */ = {
			isa = XCBuildConfiguration;
			buildSettings = {
				ALWAYS_SEARCH_USER_PATHS = NO;
				CLANG_ANALYZER_NONNULL = YES;
				CLANG_ANALYZER_NUMBER_OBJECT_CONVERSION = YES_AGGRESSIVE;
				CLANG_CXX_LANGUAGE_STANDARD = "gnu++14";
				CLANG_CXX_LIBRARY = "libc++";
				CLANG_ENABLE_MODULES = YES;
				CLANG_ENABLE_OBJC_ARC = YES;
				CLANG_ENABLE_OBJC_WEAK = YES;
				CLANG_WARN_BLOCK_CAPTURE_AUTORELEASING = YES;
				CLANG_WARN_BOOL_CONVERSION = YES;
				CLANG_WARN_COMMA = YES;
				CLANG_WARN_CONSTANT_CONVERSION = YES;
				CLANG_WARN_DEPRECATED_OBJC_IMPLEMENTATIONS = YES;
				CLANG_WARN_DIRECT_OBJC_ISA_USAGE = YES_ERROR;
				CLANG_WARN_DOCUMENTATION_COMMENTS = YES;
				CLANG_WARN_EMPTY_BODY = YES;
				CLANG_WARN_ENUM_CONVERSION = YES;
				CLANG_WARN_INFINITE_RECURSION = YES;
				CLANG_WARN_INT_CONVERSION = YES;
				CLANG_WARN_NON_LITERAL_NULL_CONVERSION = YES;
				CLANG_WARN_OBJC_IMPLICIT_RETAIN_SELF = YES;
				CLANG_WARN_OBJC_LITERAL_CONVERSION = YES;
				CLANG_WARN_OBJC_ROOT_CLASS = YES_ERROR;
				CLANG_WARN_QUOTED_INCLUDE_IN_FRAMEWORK_HEADER = YES;
				CLANG_WARN_RANGE_LOOP_ANALYSIS = YES;
				CLANG_WARN_STRICT_PROTOTYPES = YES;
				CLANG_WARN_SUSPICIOUS_MOVE = YES;
				CLANG_WARN_UNGUARDED_AVAILABILITY = YES_AGGRESSIVE;
				CLANG_WARN_UNREACHABLE_CODE = YES;
				CLANG_WARN__DUPLICATE_METHOD_MATCH = YES;
				COPY_PHASE_STRIP = NO;
				DEBUG_INFORMATION_FORMAT = dwarf;
				ENABLE_STRICT_OBJC_MSGSEND = YES;
				ENABLE_TESTABILITY = YES;
				GCC_C_LANGUAGE_STANDARD = gnu11;
				GCC_DYNAMIC_NO_PIC = NO;
				GCC_NO_COMMON_BLOCKS = YES;
				GCC_OPTIMIZATION_LEVEL = 0;
				GCC_PREPROCESSOR_DEFINITIONS = (
					"DEBUG=1",
					"$(inherited)",
				);
				GCC_WARN_64_TO_32_BIT_CONVERSION = YES;
				GCC_WARN_ABOUT_RETURN_TYPE = YES_ERROR;
				GCC_WARN_UNDECLARED_SELECTOR = YES;
				GCC_WARN_UNINITIALIZED_AUTOS = YES_AGGRESSIVE;
				GCC_WARN_UNUSED_FUNCTION = YES;
				GCC_WARN_UNUSED_VARIABLE = YES;
				IPHONEOS_DEPLOYMENT_TARGET = 14.5;
				MTL_ENABLE_DEBUG_INFO = INCLUDE_SOURCE;
				MTL_FAST_MATH = YES;
				ONLY_ACTIVE_ARCH = YES;
				SDKROOT = iphoneos;
				SWIFT_ACTIVE_COMPILATION_CONDITIONS = DEBUG;
				SWIFT_OPTIMIZATION_LEVEL = "-Onone";
			};
			name = Debug;
		};
		B032A38C26B271AB00DFE2CF /* Release */ = {
			isa = XCBuildConfiguration;
			buildSettings = {
				ALWAYS_SEARCH_USER_PATHS = NO;
				CLANG_ANALYZER_NONNULL = YES;
				CLANG_ANALYZER_NUMBER_OBJECT_CONVERSION = YES_AGGRESSIVE;
				CLANG_CXX_LANGUAGE_STANDARD = "gnu++14";
				CLANG_CXX_LIBRARY = "libc++";
				CLANG_ENABLE_MODULES = YES;
				CLANG_ENABLE_OBJC_ARC = YES;
				CLANG_ENABLE_OBJC_WEAK = YES;
				CLANG_WARN_BLOCK_CAPTURE_AUTORELEASING = YES;
				CLANG_WARN_BOOL_CONVERSION = YES;
				CLANG_WARN_COMMA = YES;
				CLANG_WARN_CONSTANT_CONVERSION = YES;
				CLANG_WARN_DEPRECATED_OBJC_IMPLEMENTATIONS = YES;
				CLANG_WARN_DIRECT_OBJC_ISA_USAGE = YES_ERROR;
				CLANG_WARN_DOCUMENTATION_COMMENTS = YES;
				CLANG_WARN_EMPTY_BODY = YES;
				CLANG_WARN_ENUM_CONVERSION = YES;
				CLANG_WARN_INFINITE_RECURSION = YES;
				CLANG_WARN_INT_CONVERSION = YES;
				CLANG_WARN_NON_LITERAL_NULL_CONVERSION = YES;
				CLANG_WARN_OBJC_IMPLICIT_RETAIN_SELF = YES;
				CLANG_WARN_OBJC_LITERAL_CONVERSION = YES;
				CLANG_WARN_OBJC_ROOT_CLASS = YES_ERROR;
				CLANG_WARN_QUOTED_INCLUDE_IN_FRAMEWORK_HEADER = YES;
				CLANG_WARN_RANGE_LOOP_ANALYSIS = YES;
				CLANG_WARN_STRICT_PROTOTYPES = YES;
				CLANG_WARN_SUSPICIOUS_MOVE = YES;
				CLANG_WARN_UNGUARDED_AVAILABILITY = YES_AGGRESSIVE;
				CLANG_WARN_UNREACHABLE_CODE = YES;
				CLANG_WARN__DUPLICATE_METHOD_MATCH = YES;
				COPY_PHASE_STRIP = NO;
				DEBUG_INFORMATION_FORMAT = "dwarf-with-dsym";
				ENABLE_NS_ASSERTIONS = NO;
				ENABLE_STRICT_OBJC_MSGSEND = YES;
				GCC_C_LANGUAGE_STANDARD = gnu11;
				GCC_NO_COMMON_BLOCKS = YES;
				GCC_WARN_64_TO_32_BIT_CONVERSION = YES;
				GCC_WARN_ABOUT_RETURN_TYPE = YES_ERROR;
				GCC_WARN_UNDECLARED_SELECTOR = YES;
				GCC_WARN_UNINITIALIZED_AUTOS = YES_AGGRESSIVE;
				GCC_WARN_UNUSED_FUNCTION = YES;
				GCC_WARN_UNUSED_VARIABLE = YES;
				IPHONEOS_DEPLOYMENT_TARGET = 14.5;
				MTL_ENABLE_DEBUG_INFO = NO;
				MTL_FAST_MATH = YES;
				SDKROOT = iphoneos;
				SWIFT_COMPILATION_MODE = wholemodule;
				SWIFT_OPTIMIZATION_LEVEL = "-O";
				VALIDATE_PRODUCT = YES;
			};
			name = Release;
		};
		B032A38E26B271AB00DFE2CF /* Debug */ = {
			isa = XCBuildConfiguration;
			baseConfigurationReference = 1CACD8294AA4B9B7B588DCEA /* Pods-WetherApp.debug.xcconfig */;
			buildSettings = {
				ASSETCATALOG_COMPILER_APPICON_NAME = AppIcon;
				ASSETCATALOG_COMPILER_GLOBAL_ACCENT_COLOR_NAME = AccentColor;
				CODE_SIGN_STYLE = Automatic;
				DEVELOPMENT_TEAM = SSDHB2CNTR;
				INFOPLIST_FILE = WetherApp/Info.plist;
				LD_RUNPATH_SEARCH_PATHS = (
					"$(inherited)",
					"@executable_path/Frameworks",
				);
				PRODUCT_BUNDLE_IDENTIFIER = com.atrakhimovich.www.WetherApp;
				PRODUCT_NAME = "$(TARGET_NAME)";
				SWIFT_VERSION = 5.0;
				TARGETED_DEVICE_FAMILY = "1,2";
			};
			name = Debug;
		};
		B032A38F26B271AB00DFE2CF /* Release */ = {
			isa = XCBuildConfiguration;
			baseConfigurationReference = E1AC33DC19B89258AFF38F7F /* Pods-WetherApp.release.xcconfig */;
			buildSettings = {
				ASSETCATALOG_COMPILER_APPICON_NAME = AppIcon;
				ASSETCATALOG_COMPILER_GLOBAL_ACCENT_COLOR_NAME = AccentColor;
				CODE_SIGN_STYLE = Automatic;
				DEVELOPMENT_TEAM = SSDHB2CNTR;
				INFOPLIST_FILE = WetherApp/Info.plist;
				LD_RUNPATH_SEARCH_PATHS = (
					"$(inherited)",
					"@executable_path/Frameworks",
				);
				PRODUCT_BUNDLE_IDENTIFIER = com.atrakhimovich.www.WetherApp;
				PRODUCT_NAME = "$(TARGET_NAME)";
				SWIFT_VERSION = 5.0;
				TARGETED_DEVICE_FAMILY = "1,2";
			};
			name = Release;
		};
/* End XCBuildConfiguration section */

/* Begin XCConfigurationList section */
		B032A37426B271A900DFE2CF /* Build configuration list for PBXProject "WetherApp" */ = {
			isa = XCConfigurationList;
			buildConfigurations = (
				B032A38B26B271AB00DFE2CF /* Debug */,
				B032A38C26B271AB00DFE2CF /* Release */,
			);
			defaultConfigurationIsVisible = 0;
			defaultConfigurationName = Release;
		};
		B032A38D26B271AB00DFE2CF /* Build configuration list for PBXNativeTarget "WetherApp" */ = {
			isa = XCConfigurationList;
			buildConfigurations = (
				B032A38E26B271AB00DFE2CF /* Debug */,
				B032A38F26B271AB00DFE2CF /* Release */,
			);
			defaultConfigurationIsVisible = 0;
			defaultConfigurationName = Release;
		};
/* End XCConfigurationList section */
	};
	rootObject = B032A37126B271A900DFE2CF /* Project object */;
}
